// !$*UTF8*$!
{
	archiveVersion = 1;
	classes = {
	};
	objectVersion = 46;
	objects = {

/* Begin PBXBuildFile section */
		2B69CC891F71165F0097E063 /* test.cpp in Sources */ = {isa = PBXBuildFile; fileRef = 2B69CC871F71165F0097E063 /* test.cpp */; };
		2BB6A3701F738B2B0004FBA8 /* c_prc.cpp in Sources */ = {isa = PBXBuildFile; fileRef = 2BB6A36E1F738B2B0004FBA8 /* c_prc.cpp */; };
/* End PBXBuildFile section */

/* Begin PBXCopyFilesBuildPhase section */
		2B581AB31F60E6E7009928B9 /* CopyFiles */ = {
			isa = PBXCopyFilesBuildPhase;
			buildActionMask = 2147483647;
			dstPath = /usr/share/man/man1/;
			dstSubfolderSpec = 0;
			files = (
			);
			runOnlyForDeploymentPostprocessing = 1;
		};
/* End PBXCopyFilesBuildPhase section */

/* Begin PBXFileReference section */
		2B512D551F656E1500F056E5 /* btree.cpp */ = {isa = PBXFileReference; fileEncoding = 4; lastKnownFileType = sourcecode.cpp.cpp; path = btree.cpp; sourceTree = "<group>"; };
		2B512D561F656E1500F056E5 /* btree.hpp */ = {isa = PBXFileReference; fileEncoding = 4; lastKnownFileType = sourcecode.cpp.h; path = btree.hpp; sourceTree = "<group>"; };
		2B581AB51F60E6E7009928B9 /* data-structure */ = {isa = PBXFileReference; explicitFileType = "compiled.mach-o.executable"; includeInIndex = 0; path = "data-structure"; sourceTree = BUILT_PRODUCTS_DIR; };
		2B581AB81F60E6E7009928B9 /* main.cpp */ = {isa = PBXFileReference; lastKnownFileType = sourcecode.cpp.cpp; path = main.cpp; sourceTree = "<group>"; };
		2B69CC871F71165F0097E063 /* test.cpp */ = {isa = PBXFileReference; fileEncoding = 4; lastKnownFileType = sourcecode.cpp.cpp; path = test.cpp; sourceTree = "<group>"; };
		2B69CC881F71165F0097E063 /* test.hpp */ = {isa = PBXFileReference; fileEncoding = 4; lastKnownFileType = sourcecode.cpp.h; path = test.hpp; sourceTree = "<group>"; };
		2BB6A36E1F738B2B0004FBA8 /* c_prc.cpp */ = {isa = PBXFileReference; fileEncoding = 4; lastKnownFileType = sourcecode.cpp.cpp; name = c_prc.cpp; path = ../c_prc.cpp; sourceTree = "<group>"; };
		2BB6A36F1F738B2B0004FBA8 /* c_prc.hpp */ = {isa = PBXFileReference; fileEncoding = 4; lastKnownFileType = sourcecode.cpp.h; name = c_prc.hpp; path = ../c_prc.hpp; sourceTree = "<group>"; };
/* End PBXFileReference section */

/* Begin PBXFrameworksBuildPhase section */
		2B581AB21F60E6E7009928B9 /* Frameworks */ = {
			isa = PBXFrameworksBuildPhase;
			buildActionMask = 2147483647;
			files = (
			);
			runOnlyForDeploymentPostprocessing = 0;
		};
/* End PBXFrameworksBuildPhase section */

/* Begin PBXGroup section */
		2B581AAC1F60E6E7009928B9 = {
			isa = PBXGroup;
			children = (
				2B581AB71F60E6E7009928B9 /* data-structure */,
				2B581AB61F60E6E7009928B9 /* Products */,
			);
			sourceTree = "<group>";
		};
		2B581AB61F60E6E7009928B9 /* Products */ = {
			isa = PBXGroup;
			children = (
				2B581AB51F60E6E7009928B9 /* data-structure */,
			);
			name = Products;
			sourceTree = "<group>";
		};
		2B581AB71F60E6E7009928B9 /* data-structure */ = {
			isa = PBXGroup;
			children = (
				2B581AB81F60E6E7009928B9 /* main.cpp */,
				2BB6A36E1F738B2B0004FBA8 /* c_prc.cpp */,
				2BB6A36F1F738B2B0004FBA8 /* c_prc.hpp */,
				2B69CC871F71165F0097E063 /* test.cpp */,
				2B69CC881F71165F0097E063 /* test.hpp */,
				2B512D551F656E1500F056E5 /* btree.cpp */,
				2B512D561F656E1500F056E5 /* btree.hpp */,
			);
			path = "data-structure";
			sourceTree = "<group>";
		};
/* End PBXGroup section */

/* Begin PBXNativeTarget section */
		2B581AB41F60E6E7009928B9 /* data-structure */ = {
			isa = PBXNativeTarget;
			buildConfigurationList = 2B581ABC1F60E6E7009928B9 /* Build configuration list for PBXNativeTarget "data-structure" */;
			buildPhases = (
				2B581AB11F60E6E7009928B9 /* Sources */,
				2B581AB21F60E6E7009928B9 /* Frameworks */,
				2B581AB31F60E6E7009928B9 /* CopyFiles */,
			);
			buildRules = (
			);
			dependencies = (
			);
			name = "data-structure";
			productName = "data-structure";
			productReference = 2B581AB51F60E6E7009928B9 /* data-structure */;
			productType = "com.apple.product-type.tool";
		};
/* End PBXNativeTarget section */

/* Begin PBXProject section */
		2B581AAD1F60E6E7009928B9 /* Project object */ = {
			isa = PBXProject;
			attributes = {
				LastUpgradeCheck = 0830;
				ORGANIZATIONNAME = "Edward dawson";
				TargetAttributes = {
					2B581AB41F60E6E7009928B9 = {
						CreatedOnToolsVersion = 8.3.3;
						ProvisioningStyle = Automatic;
					};
				};
			};
			buildConfigurationList = 2B581AB01F60E6E7009928B9 /* Build configuration list for PBXProject "data-structure" */;
			compatibilityVersion = "Xcode 3.2";
			developmentRegion = English;
			hasScannedForEncodings = 0;
			knownRegions = (
				en,
			);
			mainGroup = 2B581AAC1F60E6E7009928B9;
			productRefGroup = 2B581AB61F60E6E7009928B9 /* Products */;
			projectDirPath = "";
			projectRoot = "";
			targets = (
				2B581AB41F60E6E7009928B9 /* data-structure */,
			);
		};
/* End PBXProject section */

/* Begin PBXSourcesBuildPhase section */
		2B581AB11F60E6E7009928B9 /* Sources */ = {
			isa = PBXSourcesBuildPhase;
			buildActionMask = 2147483647;
			files = (
				2BB6A3701F738B2B0004FBA8 /* c_prc.cpp in Sources */,
				2B69CC891F71165F0097E063 /* test.cpp in Sources */,
			);
			runOnlyForDeploymentPostprocessing = 0;
		};
/* End PBXSourcesBuildPhase section */

/* Begin XCBuildConfiguration section */
		2B581ABA1F60E6E7009928B9 /* Debug */ = {
			isa = XCBuildConfiguration;
			buildSettings = {
				ALWAYS_SEARCH_USER_PATHS = NO;
				CLANG_ANALYZER_NONNULL = YES;
				CLANG_ANALYZER_NUMBER_OBJECT_CONVERSION = YES_AGGRESSIVE;
				CLANG_CXX_LANGUAGE_STANDARD = "gnu++0x";
				CLANG_CXX_LIBRARY = "libc++";
				CLANG_ENABLE_MODULES = YES;
				CLANG_ENABLE_OBJC_ARC = YES;
				CLANG_WARN_BOOL_CONVERSION = YES;
				CLANG_WARN_CONSTANT_CONVERSION = YES;
				CLANG_WARN_DIRECT_OBJC_ISA_USAGE = YES_ERROR;
				CLANG_WARN_DOCUMENTATION_COMMENTS = YES;
				CLANG_WARN_EMPTY_BODY = YES;
				CLANG_WARN_ENUM_CONVERSION = YES;
				CLANG_WARN_INFINITE_RECURSION = YES;
				CLANG_WARN_INT_CONVERSION = YES;
				CLANG_WARN_OBJC_ROOT_CLASS = YES_ERROR;
				CLANG_WARN_SUSPICIOUS_MOVE = YES;
				CLANG_WARN_UNREACHABLE_CODE = YES;
				CLANG_WARN__DUPLICATE_METHOD_MATCH = YES;
				CODE_SIGN_IDENTITY = "-";
				COPY_PHASE_STRIP = NO;
				DEBUG_INFORMATION_FORMAT = dwarf;
				ENABLE_STRICT_OBJC_MSGSEND = YES;
				ENABLE_TESTABILITY = YES;
				GCC_C_LANGUAGE_STANDARD = gnu99;
				GCC_DYNAMIC_NO_PIC = NO;
				GCC_NO_COMMON_BLOCKS = YES;
				GCC_OPTIMIZATION_LEVEL = 0;
				GCC_PREPROCESSOR_DEFINITIONS = (
					"DEBUG=1",
					"$(inherited)",
				);
				GCC_WARN_64_TO_32_BIT_CONVERSION = YES;
				GCC_WARN_ABOUT_RETURN_TYPE = YES_ERROR;
				GCC_WARN_UNDECLARED_SELECTOR = YES;
				GCC_WARN_UNINITIALIZED_AUTOS = YES_AGGRESSIVE;
				GCC_WARN_UNUSED_FUNCTION = YES;
				GCC_WARN_UNUSED_VARIABLE = YES;
				MACOSX_DEPLOYMENT_TARGET = 10.12;
				MTL_ENABLE_DEBUG_INFO = YES;
				ONLY_ACTIVE_ARCH = YES;
				SDKROOT = macosx;
			};
			name = Debug;
		};
		2B581ABB1F60E6E7009928B9 /* Release */ = {
			isa = XCBuildConfiguration;
			buildSettings = {
				ALWAYS_SEARCH_USER_PATHS = NO;
				CLANG_ANALYZER_NONNULL = YES;
				CLANG_ANALYZER_NUMBER_OBJECT_CONVERSION = YES_AGGRESSIVE;
				CLANG_CXX_LANGUAGE_STANDARD = "gnu++0x";
				CLANG_CXX_LIBRARY = "libc++";
				CLANG_ENABLE_MODULES = YES;
				CLANG_ENABLE_OBJC_ARC = YES;
				CLANG_WARN_BOOL_CONVERSION = YES;
				CLANG_WARN_CONSTANT_CONVERSION = YES;
				CLANG_WARN_DIRECT_OBJC_ISA_USAGE = YES_ERROR;
				CLANG_WARN_DOCUMENTATION_COMMENTS = YES;
				CLANG_WARN_EMPTY_BODY = YES;
				CLANG_WARN_ENUM_CONVERSION = YES;
				CLANG_WARN_INFINITE_RECURSION = YES;
				CLANG_WARN_INT_CONVERSION = YES;
				CLANG_WARN_OBJC_ROOT_CLASS = YES_ERROR;
				CLANG_WARN_SUSPICIOUS_MOVE = YES;
				CLANG_WARN_UNREACHABLE_CODE = YES;
				CLANG_WARN__DUPLICATE_METHOD_MATCH = YES;
				CODE_SIGN_IDENTITY = "-";
				COPY_PHASE_STRIP = NO;
				DEBUG_INFORMATION_FORMAT = "dwarf-with-dsym";
				ENABLE_NS_ASSERTIONS = NO;
				ENABLE_STRICT_OBJC_MSGSEND = YES;
				GCC_C_LANGUAGE_STANDARD = gnu99;
				GCC_NO_COMMON_BLOCKS = YES;
				GCC_WARN_64_TO_32_BIT_CONVERSION = YES;
				GCC_WARN_ABOUT_RETURN_TYPE = YES_ERROR;
				GCC_WARN_UNDECLARED_SELECTOR = YES;
				GCC_WARN_UNINITIALIZED_AUTOS = YES_AGGRESSIVE;
				GCC_WARN_UNUSED_FUNCTION = YES;
				GCC_WARN_UNUSED_VARIABLE = YES;
				MACOSX_DEPLOYMENT_TARGET = 10.12;
				MTL_ENABLE_DEBUG_INFO = NO;
				SDKROOT = macosx;
			};
			name = Release;
		};
		2B581ABD1F60E6E7009928B9 /* Debug */ = {
			isa = XCBuildConfiguration;
			buildSettings = {
				PRODUCT_NAME = "$(TARGET_NAME)";
			};
			name = Debug;
		};
		2B581ABE1F60E6E7009928B9 /* Release */ = {
			isa = XCBuildConfiguration;
			buildSettings = {
				PRODUCT_NAME = "$(TARGET_NAME)";
			};
			name = Release;
		};
/* End XCBuildConfiguration section */

/* Begin XCConfigurationList section */
		2B581AB01F60E6E7009928B9 /* Build configuration list for PBXProject "data-structure" */ = {
			isa = XCConfigurationList;
			buildConfigurations = (
				2B581ABA1F60E6E7009928B9 /* Debug */,
				2B581ABB1F60E6E7009928B9 /* Release */,
			);
			defaultConfigurationIsVisible = 0;
			defaultConfigurationName = Release;
		};
		2B581ABC1F60E6E7009928B9 /* Build configuration list for PBXNativeTarget "data-structure" */ = {
			isa = XCConfigurationList;
			buildConfigurations = (
				2B581ABD1F60E6E7009928B9 /* Debug */,
				2B581ABE1F60E6E7009928B9 /* Release */,
			);
			defaultConfigurationIsVisible = 0;
			defaultConfigurationName = Release;
		};
/* End XCConfigurationList section */
	};
	rootObject = 2B581AAD1F60E6E7009928B9 /* Project object */;
}
